
Microsoft Visual Studio Solution File, Format Version 12.00
# Visual Studio Version 17
VisualStudioVersion = 17.3.32825.248
MinimumVisualStudioVersion = 10.0.40219.1
Project("{FAE04EC0-301F-11D3-BF4B-00C04F79EFBC}") = "MedCenterDB", "MedCenterDB\MedCenterDB.csproj", "{2D6B69C6-D3E3-4C52-A81E-C9CFA96FC156}"
EndProject
Global
	GlobalSection(SolutionConfigurationPlatforms) = preSolution
		Debug|Any CPU = Debug|Any CPU
		Release|Any CPU = Release|Any CPU
	EndGlobalSection
	GlobalSection(ProjectConfigurationPlatforms) = postSolution
		{2D6B69C6-D3E3-4C52-A81E-C9CFA96FC156}.Debug|Any CPU.ActiveCfg = Debug|Any CPU
		{2D6B69C6-D3E3-4C52-A81E-C9CFA96FC156}.Debug|Any CPU.Build.0 = Debug|Any CPU
		{2D6B69C6-D3E3-4C52-A81E-C9CFA96FC156}.Release|Any CPU.ActiveCfg = Release|Any CPU
		{2D6B69C6-D3E3-4C52-A81E-C9CFA96FC156}.Release|Any CPU.Build.0 = Release|Any CPU
	EndGlobalSection
	GlobalSection(SolutionProperties) = preSolution
		HideSolutionNode = FALSE
	EndGlobalSection
	GlobalSection(ExtensibilityGlobals) = postSolution
		SolutionGuid = {3AFB14C3-9CA9-4DE1-A2A5-6173BC13DBD3}
	EndGlobalSection
EndGlobal
